<?xml version="1.0" encoding="UTF-8" standalone="yes" ?>
<CodeBlocks_project_file>
	<FileVersion major="1" minor="6" />
	<Project>
		<Option title="StringLinkedList" />
		<Option pch_mode="2" />
		<Option compiler="gcc" />
		<Build>
			<Target title="Debug">
				<Option output="../StringLinkedListDbg" prefix_auto="1" extension_auto="1" />
				<Option working_dir="" />
				<Option object_output="obj/Debug/" />
				<Option type="2" />
				<Option compiler="gcc" />
				<Option createDefFile="1" />
				<Compiler>
					<Add option="-Wall" />
					<Add option="-g" />
					<Add option="-fplan9-extensions --std=gnu11" />
				</Compiler>
				<Linker>
					<Add library="../libMallocWrapperDbg.a" />
				</Linker>
			</Target>
			<Target title="Release">
				<Option output="../StringLinkedList" prefix_auto="1" extension_auto="1" />
				<Option working_dir="" />
				<Option object_output="obj/Release/" />
				<Option type="2" />
				<Option compiler="gcc" />
				<Option createDefFile="1" />
				<Compiler>
					<Add option="-O2" />
					<Add option="-Wall" />
					<Add option="-fplan9-extensions --std=gnu11" />
				</Compiler>
				<Linker>
					<Add option="-s" />
					<Add library="../libMallocWrapper.a" />
				</Linker>
			</Target>
			<Target title="test">
				<Option output="StringLinkedList" prefix_auto="1" extension_auto="1" />
				<Option type="1" />
				<Option compiler="gcc" />
				<Compiler>
					<Add option="-g" />
					<Add option="-fplan9-extensions --std=gnu11" />
				</Compiler>
				<ExtraCommands>
					<Add after="StringLinkedList.exe" />
				</ExtraCommands>
			</Target>
		</Build>
		<Compiler>
			<Add directory="C:/Users/Stefan/Documents/Programmieren/EigeneCProgramme/MyCLib" />
		</Compiler>
		<Linker>
			<Add library="../libMallocWrapperDbg.a" />
		</Linker>
		<Unit filename="StringLinkedList.c">
			<Option compilerVar="CC" />
		</Unit>
		<Unit filename="StringLinkedList.h" />
		<Unit filename="StringLinkedList_internal.h" />
		<Unit filename="main.c">
			<Option compilerVar="CC" />
			<Option target="test" />
		</Unit>
		<Unit filename="src/stringlist_Create.c">
			<Option compilerVar="CC" />
		</Unit>
		<Unit filename="src/stringlist_InitElem.c">
			<Option compilerVar="CC" />
		</Unit>
		<Unit filename="src/stringlist_addEnd.c">
			<Option compilerVar="CC" />
		</Unit>
		<Unit filename="src/stringlist_free.c">
			<Option compilerVar="CC" />
		</Unit>
		<Unit filename="src/stringlist_removeEnd.c">
			<Option compilerVar="CC" />
		</Unit>
		<Unit filename="src/stringlist_removeStart.c">
			<Option compilerVar="CC" />
		</Unit>
		<Unit filename="testsrc/assertHeadOK.c">
			<Option compilerVar="CC" />
		</Unit>
		<Extensions>
			<code_completion />
			<envvars />
			<debugger />
			<lib_finder disable_auto="1" />
		</Extensions>
	</Project>
</CodeBlocks_project_file>
