<?xml version="1.0" encoding="UTF-8" standalone="yes" ?>
<CodeBlocks_project_file>
	<FileVersion major="1" minor="6" />
	<Project>
		<Option title="MyCLib" />
		<Option pch_mode="2" />
		<Option compiler="gcc" />
		<Option virtualFolders="WinAPI\;" />
		<Build>
			<Target title="MallocWrapper">
				<Option output="../MyCLib" prefix_auto="1" extension_auto="1" />
				<Option object_output="obj/Release/" />
				<Option type="1" />
				<Option compiler="gcc" />
				<Compiler>
					<Add option="-O2" />
				</Compiler>
				<Linker>
					<Add option="-s" />
				</Linker>
			</Target>
			<Target title="lib">
				<Option output="MCLib" prefix_auto="1" extension_auto="1" />
				<Option working_dir="" />
				<Option object_output="obj/Release/" />
				<Option type="2" />
				<Option compiler="gcc" />
				<Compiler>
					<Add option="-O2" />
					<Add option="-Wextra" />
				</Compiler>
				<Linker>
					<Add option="-s" />
				</Linker>
			</Target>
			<Target title="testList">
				<Option output="testList" prefix_auto="1" extension_auto="1" />
				<Option type="1" />
				<Option compiler="gcc" />
				<Linker>
					<Add library="libMCLib.a" />
				</Linker>
			</Target>
			<Target title="testIntMath">
				<Option output="testIntMath" prefix_auto="1" extension_auto="1" />
				<Option type="1" />
				<Option compiler="gcc" />
				<Linker>
					<Add library="libMCLib.a" />
				</Linker>
				<ExtraCommands>
					<Add after="testIntMath.exe" />
					<Mode after="always" />
				</ExtraCommands>
			</Target>
			<Target title="testRange">
				<Option output="testRange" prefix_auto="1" extension_auto="1" />
				<Option type="1" />
				<Option compiler="gcc" />
				<Linker>
					<Add library="libMCLib.a" />
				</Linker>
			</Target>
			<Target title="testStrings">
				<Option output="testStrings" prefix_auto="1" extension_auto="1" />
				<Option type="1" />
				<Option compiler="gcc" />
				<Linker>
					<Add library="libMCLib.a" />
				</Linker>
				<ExtraCommands>
					<Add after="cmd /c teststrings.exe" />
					<Mode after="always" />
				</ExtraCommands>
			</Target>
			<Target title="testCounter">
				<Option output="testCounter" prefix_auto="1" extension_auto="1" />
				<Option type="1" />
				<Option compiler="gcc" />
				<Linker>
					<Add library="libMCLib.a" />
				</Linker>
			</Target>
		</Build>
		<Compiler>
			<Add option="-g" />
			<Add option="-Wall -std=c11 -mconsole" />
		</Compiler>
		<Linker>
			<Add directory="C:/Users/MyAcer/Documents/Programmieren/EigeneCProgramme/MyCLib/" />
		</Linker>
		<Unit filename="Comparison/comparison.h">
			<Option target="lib" />
			<Option target="testRange" />
		</Unit>
		<Unit filename="Comparison/lessthan.c">
			<Option compilerVar="CC" />
			<Option target="lib" />
			<Option target="testRange" />
		</Unit>
		<Unit filename="Comparison/lessthanOrEq.c">
			<Option compilerVar="CC" />
			<Option target="lib" />
			<Option target="testRange" />
		</Unit>
		<Unit filename="Comparison/lessthanOrEqStr.c">
			<Option compilerVar="CC" />
			<Option target="lib" />
			<Option target="testRange" />
		</Unit>
		<Unit filename="Comparison/lessthanStr.c">
			<Option compilerVar="CC" />
			<Option target="lib" />
			<Option target="testRange" />
		</Unit>
		<Unit filename="Counter/Counter.c">
			<Option compilerVar="CC" />
			<Option target="lib" />
			<Option target="testCounter" />
		</Unit>
		<Unit filename="Counter/Counter.h">
			<Option target="lib" />
			<Option target="testCounter" />
		</Unit>
		<Unit filename="List/MCLib_List.h">
			<Option target="lib" />
			<Option target="testList" />
		</Unit>
		<Unit filename="List/getUINT16Elem.c">
			<Option compilerVar="CC" />
			<Option target="lib" />
			<Option target="testList" />
		</Unit>
		<Unit filename="List/getUINT8Elem.c">
			<Option compilerVar="CC" />
			<Option target="lib" />
			<Option target="testList" />
		</Unit>
		<Unit filename="List/printlist.c">
			<Option compilerVar="CC" />
			<Option target="lib" />
			<Option target="testList" />
		</Unit>
		<Unit filename="List/testPrintList.c">
			<Option compilerVar="CC" />
			<Option target="testList" />
		</Unit>
		<Unit filename="MCLib.h">
			<Option target="MallocWrapper" />
			<Option target="lib" />
			<Option target="testList" />
		</Unit>
		<Unit filename="MallocWrapper/defaultMarkers.c">
			<Option compilerVar="CC" />
			<Option target="MallocWrapper" />
			<Option target="lib" />
		</Unit>
		<Unit filename="MallocWrapper/imalloc.c">
			<Option compilerVar="CC" />
			<Option target="MallocWrapper" />
			<Option target="lib" />
		</Unit>
		<Unit filename="MallocWrapper/imalloc_alloclist.c">
			<Option compilerVar="CC" />
			<Option target="MallocWrapper" />
			<Option target="lib" />
		</Unit>
		<Unit filename="MallocWrapper/imalloc_alloclistAccessFunctions.c">
			<Option compilerVar="CC" />
			<Option target="MallocWrapper" />
			<Option target="lib" />
		</Unit>
		<Unit filename="MallocWrapper/imalloc_arraytypes.c">
			<Option compilerVar="CC" />
			<Option target="MallocWrapper" />
			<Option target="lib" />
		</Unit>
		<Unit filename="MallocWrapper/imalloc_basicTests.c">
			<Option compilerVar="CC" />
			<Option target="MallocWrapper" />
			<Option target="lib" />
		</Unit>
		<Unit filename="MallocWrapper/imalloc_blockheader.c">
			<Option compilerVar="CC" />
			<Option target="MallocWrapper" />
			<Option target="lib" />
		</Unit>
		<Unit filename="MallocWrapper/imalloc_blockstructure.c">
			<Option compilerVar="CC" />
			<Option target="MallocWrapper" />
			<Option target="lib" />
		</Unit>
		<Unit filename="MallocWrapper/imalloc_errorMessages.c">
			<Option compilerVar="CC" />
			<Option target="MallocWrapper" />
			<Option target="lib" />
		</Unit>
		<Unit filename="MallocWrapper/imalloc_helperfunctions.c">
			<Option compilerVar="CC" />
			<Option target="MallocWrapper" />
			<Option target="lib" />
		</Unit>
		<Unit filename="MallocWrapper/imalloc_helperfunctions.h">
			<Option target="MallocWrapper" />
			<Option target="lib" />
		</Unit>
		<Unit filename="MallocWrapper/imalloc_internal.h">
			<Option target="MallocWrapper" />
			<Option target="lib" />
		</Unit>
		<Unit filename="constStdStr/MCLib_constStdStr.h">
			<Option target="lib" />
		</Unit>
		<Unit filename="constStdStr/alltests.c">
			<Option compilerVar="CC" />
			<Option target="&lt;{~None~}&gt;" />
		</Unit>
		<Unit filename="constStdStr/constStr_NULLuc.c">
			<Option compilerVar="CC" />
			<Option target="lib" />
		</Unit>
		<Unit filename="constStdStr/constStr_TRUE.c">
			<Option compilerVar="CC" />
			<Option target="lib" />
		</Unit>
		<Unit filename="constStdStr/constStr_empty.c">
			<Option compilerVar="CC" />
			<Option target="lib" />
		</Unit>
		<Unit filename="constStdStr/constStr_falselc.c">
			<Option compilerVar="CC" />
			<Option target="lib" />
		</Unit>
		<Unit filename="constStdStr/constStr_falseuc.c">
			<Option compilerVar="CC" />
			<Option target="lib" />
		</Unit>
		<Unit filename="constStdStr/main.c">
			<Option compilerVar="CC" />
			<Option target="&lt;{~None~}&gt;" />
		</Unit>
		<Unit filename="constStdStr/trueStr.c">
			<Option compilerVar="CC" />
			<Option target="lib" />
		</Unit>
		<Unit filename="intmath/absdiff.c">
			<Option compilerVar="CC" />
			<Option target="lib" />
			<Option target="testIntMath" />
		</Unit>
		<Unit filename="intmath/gcd.c">
			<Option compilerVar="CC" />
			<Option target="lib" />
			<Option target="testIntMath" />
		</Unit>
		<Unit filename="intmath/intmath.h">
			<Option compilerVar="CC" />
			<Option target="lib" />
			<Option target="testIntMath" />
		</Unit>
		<Unit filename="intmath/lcm.c">
			<Option compilerVar="CC" />
			<Option target="lib" />
			<Option target="testIntMath" />
		</Unit>
		<Unit filename="intmath/max.c">
			<Option compilerVar="CC" />
			<Option target="lib" />
			<Option target="testIntMath" />
		</Unit>
		<Unit filename="intmath/min.c">
			<Option compilerVar="CC" />
			<Option target="lib" />
			<Option target="testIntMath" />
		</Unit>
		<Unit filename="intmath/testIntMath.c">
			<Option compilerVar="CC" />
			<Option target="testIntMath" />
		</Unit>
		<Unit filename="io/countCallsAndSelectChar.c">
			<Option compilerVar="CC" />
			<Option target="lib" />
		</Unit>
		<Unit filename="main.c">
			<Option compilerVar="CC" />
			<Option target="&lt;{~None~}&gt;" />
		</Unit>
		<Unit filename="range/MCLib_Range.h">
			<Option target="lib" />
			<Option target="testRange" />
		</Unit>
		<Unit filename="range/chkIntRng.c">
			<Option compilerVar="CC" />
			<Option target="lib" />
			<Option target="testRange" />
		</Unit>
		<Unit filename="range/chkRng.c">
			<Option compilerVar="CC" />
			<Option target="MallocWrapper" />
			<Option target="lib" />
			<Option target="testList" />
			<Option target="testIntMath" />
			<Option target="testRange" />
		</Unit>
		<Unit filename="range/testRange.c">
			<Option compilerVar="CC" />
			<Option target="testRange" />
		</Unit>
		<Unit filename="stdheaders.h">
			<Option target="MallocWrapper" />
			<Option target="lib" />
		</Unit>
		<Unit filename="strings/MCLib_getFieldwidthFromFormatString.c">
			<Option compilerVar="CC" />
			<Option target="lib" />
			<Option target="testStrings" />
		</Unit>
		<Unit filename="strings/McLib_strings.h">
			<Option target="lib" />
			<Option target="testStrings" />
		</Unit>
		<Unit filename="strings/testStrings.c">
			<Option compilerVar="CC" />
			<Option target="lib" />
			<Option target="testStrings" />
		</Unit>
		<Extensions>
			<code_completion />
			<envvars />
			<debugger />
			<lib_finder disable_auto="1" />
			<DoxyBlocks>
				<comment_style block="0" line="0" />
				<doxyfile_project />
				<doxyfile_build />
				<doxyfile_warnings />
				<doxyfile_output />
				<doxyfile_dot />
				<general />
			</DoxyBlocks>
		</Extensions>
	</Project>
</CodeBlocks_project_file>
