<?xml version="1.0" encoding="UTF-8" standalone="yes" ?>
<CodeBlocks_project_file>
	<FileVersion major="1" minor="6" />
	<Project>
		<Option title="CommandLineWithHistory" />
		<Option pch_mode="2" />
		<Option compiler="gcc" />
		<Build>
			<Target title="Debug">
				<Option output="../CommandLineWithHistory" prefix_auto="1" extension_auto="1" />
				<Option object_output="obj/Debug/" />
				<Option type="1" />
				<Option compiler="gcc" />
				<Compiler>
					<Add option="-g" />
				</Compiler>
				<Linker>
					<Add library="../libMallocWrapperDbg.a" />
					<Add library="../libStringLinkedListDbg.a" />
					<Add library="../libStringLinkedList.a" />
				</Linker>
			</Target>
			<Target title="Release">
				<Option output="../CommandLineWithHistory" prefix_auto="1" extension_auto="1" />
				<Option object_output="obj/Release/" />
				<Option type="1" />
				<Option compiler="gcc" />
				<Compiler>
					<Add option="-O2" />
				</Compiler>
				<Linker>
					<Add option="-s" />
					<Add library="../libMallocWrapper.a" />
				</Linker>
			</Target>
		</Build>
		<Compiler>
			<Add option="-Wall" />
			<Add directory="C:/Users/Stefan/Documents/Programmieren/EigeneCProgramme/MyCLib" />
			<Add directory="../../../../../../../UnitTest++-1.3/src/Win32" />
		</Compiler>
		<Unit filename="CmdLineWithHistory_internal.h" />
		<Unit filename="cmdLineHistory_WxApplicClass.cpp">
			<Option compile="0" />
			<Option link="0" />
		</Unit>
		<Unit filename="main.c">
			<Option compilerVar="CC" />
		</Unit>
		<Extensions>
			<code_completion />
			<envvars />
			<debugger />
			<lib_finder disable_auto="1" />
			<wxsmith version="1">
				<gui name="wxWidgets" src="cmdLineHistory_WxApplicClass.cpp" main="-- None --" init_handlers="necessary" language="CPP" />
			</wxsmith>
		</Extensions>
	</Project>
</CodeBlocks_project_file>
