<?xml version="1.0" encoding="UTF-8" standalone="yes" ?>
<CodeBlocks_project_file>
	<FileVersion major="1" minor="6" />
	<Project>
		<Option title="MallocWrapper" />
		<Option pch_mode="2" />
		<Option compiler="gcc" />
		<Build>
			<Target title="Debug">
				<Option output="../MallocWrapper" prefix_auto="1" extension_auto="1" />
				<Option object_output="obj/Debug/" />
				<Option type="1" />
				<Option compiler="gcc" />
			</Target>
			<Target title="Release">
				<Option output="../MallocWrapper" prefix_auto="1" extension_auto="1" />
				<Option object_output="obj/Release/" />
				<Option type="1" />
				<Option compiler="gcc" />
				<Compiler>
					<Add option="-O2" />
				</Compiler>
				<Linker>
					<Add option="-s" />
				</Linker>
			</Target>
			<Target title="LibRelease">
				<Option output="../MallocWrapper" prefix_auto="1" extension_auto="1" />
				<Option working_dir="" />
				<Option type="2" />
				<Option compiler="gcc" />
				<Option createDefFile="1" />
				<Compiler>
					<Add option="-O1" />
				</Compiler>
				<Linker>
					<Add option="-s" />
				</Linker>
			</Target>
			<Target title="LibDebug">
				<Option output="../MallocWrapperDbg" prefix_auto="1" extension_auto="1" />
				<Option working_dir="" />
				<Option type="2" />
				<Option compiler="gcc" />
				<Option createDefFile="1" />
			</Target>
		</Build>
		<Compiler>
			<Add option="-Wall" />
			<Add option="-std=c99" />
		</Compiler>
		<Unit filename="defaultMarkers.c">
			<Option compilerVar="CC" />
		</Unit>
		<Unit filename="imalloc.c">
			<Option compilerVar="CC" />
		</Unit>
		<Unit filename="imalloc.h" />
		<Unit filename="imalloc_alloclist.c">
			<Option compilerVar="CC" />
		</Unit>
		<Unit filename="imalloc_alloclistAccessFunctions.c">
			<Option compilerVar="CC" />
		</Unit>
		<Unit filename="imalloc_arraytypes.c">
			<Option compilerVar="CC" />
		</Unit>
		<Unit filename="imalloc_basicTests.c">
			<Option compilerVar="CC" />
			<Option target="Debug" />
			<Option target="Release" />
		</Unit>
		<Unit filename="imalloc_blockheader.c">
			<Option compilerVar="CC" />
		</Unit>
		<Unit filename="imalloc_blockstructure.c">
			<Option compilerVar="CC" />
		</Unit>
		<Unit filename="imalloc_errorMessages.c">
			<Option compilerVar="CC" />
		</Unit>
		<Unit filename="imalloc_helperfunctions.c">
			<Option compilerVar="CC" />
		</Unit>
		<Unit filename="imalloc_helperfunctions.h" />
		<Unit filename="imalloc_internal.h" />
		<Unit filename="main.c">
			<Option compilerVar="CC" />
			<Option target="Debug" />
			<Option target="Release" />
		</Unit>
		<Extensions>
			<code_completion />
			<envvars />
			<debugger />
			<lib_finder disable_auto="1" />
		</Extensions>
	</Project>
</CodeBlocks_project_file>
